// !$*UTF8*$!
{
	archiveVersion = 1;
	classes = {
	};
	objectVersion = 46;
	objects = {

/* Begin PBXBuildFile section */
		284330A7081C6C5600D9770F /* Preferences.nib in Resources */ = {isa = PBXBuildFile; fileRef = 284330A5081C6C5600D9770F /* Preferences.nib */; };
		289915970818FD6700EA8C28 /* AppDelegate.m in Sources */ = {isa = PBXBuildFile; fileRef = 289915960818FD6700EA8C28 /* AppDelegate.m */; };
		28B2AE25080F575700403FAE /* DisplayController.m in Sources */ = {isa = PBXBuildFile; fileRef = 28B2AE22080F575700403FAE /* DisplayController.m */; };
		28B2AE26080F575700403FAE /* EditController.m in Sources */ = {isa = PBXBuildFile; fileRef = 28B2AE24080F575700403FAE /* EditController.m */; };
		28B2AE2B080F576E00403FAE /* Display.nib in Resources */ = {isa = PBXBuildFile; fileRef = 28B2AE27080F576E00403FAE /* Display.nib */; };
		28B2AE2C080F576E00403FAE /* Edit.nib in Resources */ = {isa = PBXBuildFile; fileRef = 28B2AE29080F576E00403FAE /* Edit.nib */; };
		28B2AF1E080F91AA00403FAE /* Step.m in Sources */ = {isa = PBXBuildFile; fileRef = 28B2AF1D080F91AA00403FAE /* Step.m */; };
		28DABBB80FBF22D500694A30 /* ReadMe.txt in Resources */ = {isa = PBXBuildFile; fileRef = 28DABBB70FBF22D500694A30 /* ReadMe.txt */; };
		28DABBBB0FBF233F00694A30 /* DMKArrayController.m in Sources */ = {isa = PBXBuildFile; fileRef = 28DABBBA0FBF233F00694A30 /* DMKArrayController.m */; };
		4383A90F1AB6246600084CF2 /* NSWindow+RSWGracefulEndEditingAdditions.m in Sources */ = {isa = PBXBuildFile; fileRef = 4383A90E1AB6246600084CF2 /* NSWindow+RSWGracefulEndEditingAdditions.m */; };
		696661D41AB61CDC0054CC80 /* Images.xcassets in Resources */ = {isa = PBXBuildFile; fileRef = 696661D31AB61CDC0054CC80 /* Images.xcassets */; };
		775DFF38067A968500C5B868 /* Cocoa.framework in Frameworks */ = {isa = PBXBuildFile; fileRef = 1058C7A7FEA54F5311CA2CBB /* Cocoa.framework */; };
		8D15AC2D0486D014006FF6A4 /* MainMenu.nib in Resources */ = {isa = PBXBuildFile; fileRef = 2A37F4B6FDCFA73011CA2CEA /* MainMenu.nib */; };
		8D15AC2F0486D014006FF6A4 /* InfoPlist.strings in Resources */ = {isa = PBXBuildFile; fileRef = 089C165FFE840EACC02AAC07 /* InfoPlist.strings */; };
		8D15AC310486D014006FF6A4 /* MyDocument.m in Sources */ = {isa = PBXBuildFile; fileRef = 2A37F4ACFDCFA73011CA2CEA /* MyDocument.m */; settings = {ATTRIBUTES = (); }; };
		8D15AC320486D014006FF6A4 /* main.m in Sources */ = {isa = PBXBuildFile; fileRef = 2A37F4B0FDCFA73011CA2CEA /* main.m */; settings = {ATTRIBUTES = (); }; };
/* End PBXBuildFile section */

/* Begin PBXFileReference section */
		089C1660FE840EACC02AAC07 /* English */ = {isa = PBXFileReference; fileEncoding = 10; lastKnownFileType = text.plist.strings; name = English; path = English.lproj/InfoPlist.strings; sourceTree = "<group>"; };
		1058C7A7FEA54F5311CA2CBB /* Cocoa.framework */ = {isa = PBXFileReference; lastKnownFileType = wrapper.framework; name = Cocoa.framework; path = /System/Library/Frameworks/Cocoa.framework; sourceTree = "<absolute>"; };
		284330A6081C6C5600D9770F /* English */ = {isa = PBXFileReference; lastKnownFileType = wrapper.nib; name = English; path = English.lproj/Preferences.nib; sourceTree = "<group>"; };
		289915950818FD6700EA8C28 /* AppDelegate.h */ = {isa = PBXFileReference; fileEncoding = 4; lastKnownFileType = sourcecode.c.h; path = AppDelegate.h; sourceTree = "<group>"; };
		289915960818FD6700EA8C28 /* AppDelegate.m */ = {isa = PBXFileReference; fileEncoding = 4; lastKnownFileType = sourcecode.c.objc; path = AppDelegate.m; sourceTree = "<group>"; };
		28B2AE21080F575700403FAE /* DisplayController.h */ = {isa = PBXFileReference; fileEncoding = 30; lastKnownFileType = sourcecode.c.h; path = DisplayController.h; sourceTree = "<group>"; };
		28B2AE22080F575700403FAE /* DisplayController.m */ = {isa = PBXFileReference; fileEncoding = 30; lastKnownFileType = sourcecode.c.objc; path = DisplayController.m; sourceTree = "<group>"; };
		28B2AE23080F575700403FAE /* EditController.h */ = {isa = PBXFileReference; fileEncoding = 30; lastKnownFileType = sourcecode.c.h; path = EditController.h; sourceTree = "<group>"; };
		28B2AE24080F575700403FAE /* EditController.m */ = {isa = PBXFileReference; fileEncoding = 30; lastKnownFileType = sourcecode.c.objc; path = EditController.m; sourceTree = "<group>"; };
		28B2AE28080F576E00403FAE /* English */ = {isa = PBXFileReference; lastKnownFileType = wrapper.nib; name = English; path = English.lproj/Display.nib; sourceTree = "<group>"; };
		28B2AE2A080F576E00403FAE /* English */ = {isa = PBXFileReference; lastKnownFileType = wrapper.nib; name = English; path = English.lproj/Edit.nib; sourceTree = "<group>"; };
		28B2AF1C080F91AA00403FAE /* Step.h */ = {isa = PBXFileReference; fileEncoding = 4; lastKnownFileType = sourcecode.c.h; path = Step.h; sourceTree = "<group>"; };
		28B2AF1D080F91AA00403FAE /* Step.m */ = {isa = PBXFileReference; fileEncoding = 4; lastKnownFileType = sourcecode.c.objc; path = Step.m; sourceTree = "<group>"; };
		28DABBB70FBF22D500694A30 /* ReadMe.txt */ = {isa = PBXFileReference; fileEncoding = 4; lastKnownFileType = text; path = ReadMe.txt; sourceTree = "<group>"; };
		28DABBB90FBF233F00694A30 /* DMKArrayController.h */ = {isa = PBXFileReference; fileEncoding = 4; lastKnownFileType = sourcecode.c.h; path = DMKArrayController.h; sourceTree = "<group>"; };
		28DABBBA0FBF233F00694A30 /* DMKArrayController.m */ = {isa = PBXFileReference; fileEncoding = 4; lastKnownFileType = sourcecode.c.objc; path = DMKArrayController.m; sourceTree = "<group>"; };
		2A37F4ACFDCFA73011CA2CEA /* MyDocument.m */ = {isa = PBXFileReference; fileEncoding = 4; lastKnownFileType = sourcecode.c.objc; path = MyDocument.m; sourceTree = "<group>"; };
		2A37F4AEFDCFA73011CA2CEA /* MyDocument.h */ = {isa = PBXFileReference; fileEncoding = 4; lastKnownFileType = sourcecode.c.h; path = MyDocument.h; sourceTree = "<group>"; };
		2A37F4B0FDCFA73011CA2CEA /* main.m */ = {isa = PBXFileReference; fileEncoding = 4; lastKnownFileType = sourcecode.c.objc; path = main.m; sourceTree = "<group>"; };
		2A37F4B7FDCFA73011CA2CEA /* English */ = {isa = PBXFileReference; lastKnownFileType = wrapper.nib; name = English; path = English.lproj/MainMenu.nib; sourceTree = "<group>"; };
		2A37F4C4FDCFA73011CA2CEA /* AppKit.framework */ = {isa = PBXFileReference; lastKnownFileType = wrapper.framework; name = AppKit.framework; path = /System/Library/Frameworks/AppKit.framework; sourceTree = "<absolute>"; };
		2A37F4C5FDCFA73011CA2CEA /* Foundation.framework */ = {isa = PBXFileReference; lastKnownFileType = wrapper.framework; name = Foundation.framework; path = /System/Library/Frameworks/Foundation.framework; sourceTree = "<absolute>"; };
		32DBCF750370BD2300C91783 /* DemoMonkey_Prefix.pch */ = {isa = PBXFileReference; fileEncoding = 4; lastKnownFileType = sourcecode.c.h; path = DemoMonkey_Prefix.pch; sourceTree = "<group>"; };
		4383A90D1AB6246500084CF2 /* NSWindow+RSWGracefulEndEditingAdditions.h */ = {isa = PBXFileReference; fileEncoding = 4; lastKnownFileType = sourcecode.c.h; path = "NSWindow+RSWGracefulEndEditingAdditions.h"; sourceTree = "<group>"; };
		4383A90E1AB6246600084CF2 /* NSWindow+RSWGracefulEndEditingAdditions.m */ = {isa = PBXFileReference; fileEncoding = 4; lastKnownFileType = sourcecode.c.objc; path = "NSWindow+RSWGracefulEndEditingAdditions.m"; sourceTree = "<group>"; };
		696661D31AB61CDC0054CC80 /* Images.xcassets */ = {isa = PBXFileReference; lastKnownFileType = folder.assetcatalog; name = Images.xcassets; path = DemoMonkey/Images.xcassets; sourceTree = "<group>"; };
		7788DA0506752A1600599AAD /* CoreData.framework */ = {isa = PBXFileReference; lastKnownFileType = wrapper.framework; name = CoreData.framework; path = /System/Library/Frameworks/CoreData.framework; sourceTree = "<absolute>"; };
		8D15AC360486D014006FF6A4 /* Info.plist */ = {isa = PBXFileReference; fileEncoding = 4; lastKnownFileType = text.plist; path = Info.plist; sourceTree = "<group>"; };
		8D15AC370486D014006FF6A4 /* DemoMonkey.app */ = {isa = PBXFileReference; explicitFileType = wrapper.application; includeInIndex = 0; path = DemoMonkey.app; sourceTree = BUILT_PRODUCTS_DIR; };
/* End PBXFileReference section */

/* Begin PBXFrameworksBuildPhase section */
		8D15AC330486D014006FF6A4 /* Frameworks */ = {
			isa = PBXFrameworksBuildPhase;
			buildActionMask = 2147483647;
			files = (
				775DFF38067A968500C5B868 /* Cocoa.framework in Frameworks */,
			);
			runOnlyForDeploymentPostprocessing = 0;
		};
/* End PBXFrameworksBuildPhase section */

/* Begin PBXGroup section */
		1058C7A6FEA54F5311CA2CBB /* Linked Frameworks */ = {
			isa = PBXGroup;
			children = (
				1058C7A7FEA54F5311CA2CBB /* Cocoa.framework */,
			);
			name = "Linked Frameworks";
			sourceTree = "<group>";
		};
		1058C7A8FEA54F5311CA2CBB /* Other Frameworks */ = {
			isa = PBXGroup;
			children = (
				2A37F4C5FDCFA73011CA2CEA /* Foundation.framework */,
				7788DA0506752A1600599AAD /* CoreData.framework */,
				2A37F4C4FDCFA73011CA2CEA /* AppKit.framework */,
			);
			name = "Other Frameworks";
			sourceTree = "<group>";
		};
		19C28FB0FE9D524F11CA2CBB /* Products */ = {
			isa = PBXGroup;
			children = (
				8D15AC370486D014006FF6A4 /* DemoMonkey.app */,
			);
			name = Products;
			sourceTree = "<group>";
		};
		28B2AF9808108D3600403FAE /* Array Controller */ = {
			isa = PBXGroup;
			children = (
				28DABBB90FBF233F00694A30 /* DMKArrayController.h */,
				28DABBBA0FBF233F00694A30 /* DMKArrayController.m */,
			);
			name = "Array Controller";
			sourceTree = "<group>";
		};
		28EB618D0FB8A38F00739008 /* Application Delegate */ = {
			isa = PBXGroup;
			children = (
				289915950818FD6700EA8C28 /* AppDelegate.h */,
				289915960818FD6700EA8C28 /* AppDelegate.m */,
			);
			name = "Application Delegate";
			sourceTree = "<group>";
		};
		2A37F4AAFDCFA73011CA2CEA /* DemoMonkey */ = {
			isa = PBXGroup;
			children = (
				28DABBB70FBF22D500694A30 /* ReadMe.txt */,
				2A37F4ABFDCFA73011CA2CEA /* Document Controllers */,
				28EB618D0FB8A38F00739008 /* Application Delegate */,
				28B2AF9808108D3600403FAE /* Array Controller */,
				E1B74B1A0667B4A90069E3BA /* Model */,
				4383A90C1AB6241C00084CF2 /* Helpers */,
				2A37F4AFFDCFA73011CA2CEA /* Other Sources */,
				2A37F4B8FDCFA73011CA2CEA /* Resources */,
				2A37F4C3FDCFA73011CA2CEA /* Frameworks */,
				19C28FB0FE9D524F11CA2CBB /* Products */,
			);
			name = DemoMonkey;
			sourceTree = "<group>";
		};
		2A37F4ABFDCFA73011CA2CEA /* Document Controllers */ = {
			isa = PBXGroup;
			children = (
				28B2AE21080F575700403FAE /* DisplayController.h */,
				28B2AE22080F575700403FAE /* DisplayController.m */,
				28B2AE23080F575700403FAE /* EditController.h */,
				28B2AE24080F575700403FAE /* EditController.m */,
				2A37F4AEFDCFA73011CA2CEA /* MyDocument.h */,
				2A37F4ACFDCFA73011CA2CEA /* MyDocument.m */,
			);
			name = "Document Controllers";
			sourceTree = "<group>";
		};
		2A37F4AFFDCFA73011CA2CEA /* Other Sources */ = {
			isa = PBXGroup;
			children = (
				32DBCF750370BD2300C91783 /* DemoMonkey_Prefix.pch */,
				2A37F4B0FDCFA73011CA2CEA /* main.m */,
			);
			name = "Other Sources";
			sourceTree = "<group>";
		};
		2A37F4B8FDCFA73011CA2CEA /* Resources */ = {
			isa = PBXGroup;
			children = (
				696661D31AB61CDC0054CC80 /* Images.xcassets */,
				28B2AE27080F576E00403FAE /* Display.nib */,
				28B2AE29080F576E00403FAE /* Edit.nib */,
				2A37F4B6FDCFA73011CA2CEA /* MainMenu.nib */,
				284330A5081C6C5600D9770F /* Preferences.nib */,
				8D15AC360486D014006FF6A4 /* Info.plist */,
				089C165FFE840EACC02AAC07 /* InfoPlist.strings */,
			);
			name = Resources;
			sourceTree = "<group>";
		};
		2A37F4C3FDCFA73011CA2CEA /* Frameworks */ = {
			isa = PBXGroup;
			children = (
				1058C7A6FEA54F5311CA2CBB /* Linked Frameworks */,
				1058C7A8FEA54F5311CA2CBB /* Other Frameworks */,
			);
			name = Frameworks;
			sourceTree = "<group>";
		};
		4383A90C1AB6241C00084CF2 /* Helpers */ = {
			isa = PBXGroup;
			children = (
				4383A90D1AB6246500084CF2 /* NSWindow+RSWGracefulEndEditingAdditions.h */,
				4383A90E1AB6246600084CF2 /* NSWindow+RSWGracefulEndEditingAdditions.m */,
			);
			name = Helpers;
			sourceTree = "<group>";
		};
		E1B74B1A0667B4A90069E3BA /* Model */ = {
			isa = PBXGroup;
			children = (
				28B2AF1C080F91AA00403FAE /* Step.h */,
				28B2AF1D080F91AA00403FAE /* Step.m */,
			);
			name = Model;
			sourceTree = "<group>";
		};
/* End PBXGroup section */

/* Begin PBXNativeTarget section */
		8D15AC270486D014006FF6A4 /* DemoMonkey */ = {
			isa = PBXNativeTarget;
			buildConfigurationList = 28B1F6090DC5C20E0093AEBE /* Build configuration list for PBXNativeTarget "DemoMonkey" */;
			buildPhases = (
				8D15AC2B0486D014006FF6A4 /* Resources */,
				8D15AC300486D014006FF6A4 /* Sources */,
				8D15AC330486D014006FF6A4 /* Frameworks */,
			);
			buildRules = (
			);
			dependencies = (
			);
			name = DemoMonkey;
			productInstallPath = "$(HOME)/Applications";
			productName = DemoMonkey;
			productReference = 8D15AC370486D014006FF6A4 /* DemoMonkey.app */;
			productType = "com.apple.product-type.application";
		};
/* End PBXNativeTarget section */

/* Begin PBXProject section */
		2A37F4A9FDCFA73011CA2CEA /* Project object */ = {
			isa = PBXProject;
			attributes = {
				LastUpgradeCheck = 0620;
			};
			buildConfigurationList = 28B1F6080DC5C20E0093AEBE /* Build configuration list for PBXProject "DemoMonkey" */;
			compatibilityVersion = "Xcode 3.2";
			developmentRegion = English;
			hasScannedForEncodings = 1;
			knownRegions = (
				English,
				Japanese,
				French,
				German,
			);
			mainGroup = 2A37F4AAFDCFA73011CA2CEA /* DemoMonkey */;
			projectDirPath = "";
			projectRoot = "";
			targets = (
				8D15AC270486D014006FF6A4 /* DemoMonkey */,
			);
		};
/* End PBXProject section */

/* Begin PBXResourcesBuildPhase section */
		8D15AC2B0486D014006FF6A4 /* Resources */ = {
			isa = PBXResourcesBuildPhase;
			buildActionMask = 2147483647;
			files = (
				8D15AC2D0486D014006FF6A4 /* MainMenu.nib in Resources */,
				696661D41AB61CDC0054CC80 /* Images.xcassets in Resources */,
				8D15AC2F0486D014006FF6A4 /* InfoPlist.strings in Resources */,
				28B2AE2B080F576E00403FAE /* Display.nib in Resources */,
				28B2AE2C080F576E00403FAE /* Edit.nib in Resources */,
				284330A7081C6C5600D9770F /* Preferences.nib in Resources */,
				28DABBB80FBF22D500694A30 /* ReadMe.txt in Resources */,
			);
			runOnlyForDeploymentPostprocessing = 0;
		};
/* End PBXResourcesBuildPhase section */

/* Begin PBXSourcesBuildPhase section */
		8D15AC300486D014006FF6A4 /* Sources */ = {
			isa = PBXSourcesBuildPhase;
			buildActionMask = 2147483647;
			files = (
				8D15AC310486D014006FF6A4 /* MyDocument.m in Sources */,
				8D15AC320486D014006FF6A4 /* main.m in Sources */,
				28B2AE25080F575700403FAE /* DisplayController.m in Sources */,
				28B2AE26080F575700403FAE /* EditController.m in Sources */,
				28B2AF1E080F91AA00403FAE /* Step.m in Sources */,
				289915970818FD6700EA8C28 /* AppDelegate.m in Sources */,
				28DABBBB0FBF233F00694A30 /* DMKArrayController.m in Sources */,
				4383A90F1AB6246600084CF2 /* NSWindow+RSWGracefulEndEditingAdditions.m in Sources */,
			);
			runOnlyForDeploymentPostprocessing = 0;
		};
/* End PBXSourcesBuildPhase section */

/* Begin PBXVariantGroup section */
		089C165FFE840EACC02AAC07 /* InfoPlist.strings */ = {
			isa = PBXVariantGroup;
			children = (
				089C1660FE840EACC02AAC07 /* English */,
			);
			name = InfoPlist.strings;
			sourceTree = "<group>";
		};
		284330A5081C6C5600D9770F /* Preferences.nib */ = {
			isa = PBXVariantGroup;
			children = (
				284330A6081C6C5600D9770F /* English */,
			);
			name = Preferences.nib;
			sourceTree = "<group>";
		};
		28B2AE27080F576E00403FAE /* Display.nib */ = {
			isa = PBXVariantGroup;
			children = (
				28B2AE28080F576E00403FAE /* English */,
			);
			name = Display.nib;
			sourceTree = "<group>";
		};
		28B2AE29080F576E00403FAE /* Edit.nib */ = {
			isa = PBXVariantGroup;
			children = (
				28B2AE2A080F576E00403FAE /* English */,
			);
			name = Edit.nib;
			sourceTree = "<group>";
		};
		2A37F4B6FDCFA73011CA2CEA /* MainMenu.nib */ = {
			isa = PBXVariantGroup;
			children = (
				2A37F4B7FDCFA73011CA2CEA /* English */,
			);
			name = MainMenu.nib;
			sourceTree = "<group>";
		};
/* End PBXVariantGroup section */

/* Begin XCBuildConfiguration section */
		28B1F6020DC5C20E0093AEBE /* Development */ = {
			isa = XCBuildConfiguration;
			buildSettings = {
			};
			name = Development;
		};
		28B1F6030DC5C20E0093AEBE /* Deployment */ = {
			isa = XCBuildConfiguration;
			buildSettings = {
			};
			name = Deployment;
		};
		28B1F6040DC5C20E0093AEBE /* Default */ = {
			isa = XCBuildConfiguration;
			buildSettings = {
			};
			name = Default;
		};
		28B1F6050DC5C20E0093AEBE /* Development */ = {
			isa = XCBuildConfiguration;
			buildSettings = {
				ASSETCATALOG_COMPILER_APPICON_NAME = AppIcon;
				COMBINE_HIDPI_IMAGES = YES;
				COPY_PHASE_STRIP = NO;
				GCC_DYNAMIC_NO_PIC = NO;
				GCC_ENABLE_FIX_AND_CONTINUE = YES;
				GCC_ENABLE_OBJC_EXCEPTIONS = YES;
				GCC_GENERATE_DEBUGGING_SYMBOLS = YES;
				GCC_MODEL_TUNING = G5;
				GCC_OPTIMIZATION_LEVEL = 0;
				GCC_PRECOMPILE_PREFIX_HEADER = YES;
				GCC_PREFIX_HEADER = DemoMonkey_Prefix.pch;
				GCC_WARN_ABOUT_RETURN_TYPE = YES;
				GCC_WARN_SHADOW = YES;
				GCC_WARN_UNUSED_VARIABLE = YES;
				INFOPLIST_FILE = Info.plist;
				INSTALL_PATH = "$(HOME)/Applications";
				PREBINDING = NO;
				PRODUCT_NAME = DemoMonkey;
				SDKROOT = macosx;
				WRAPPER_EXTENSION = app;
				ZERO_LINK = NO;
			};
			name = Development;
		};
		28B1F6060DC5C20E0093AEBE /* Deployment */ = {
			isa = XCBuildConfiguration;
			buildSettings = {
				ASSETCATALOG_COMPILER_APPICON_NAME = AppIcon;
				COMBINE_HIDPI_IMAGES = YES;
				COPY_PHASE_STRIP = YES;
				GCC_ENABLE_FIX_AND_CONTINUE = NO;
				GCC_ENABLE_OBJC_EXCEPTIONS = YES;
				GCC_GENERATE_DEBUGGING_SYMBOLS = NO;
				GCC_MODEL_TUNING = G5;
				GCC_PRECOMPILE_PREFIX_HEADER = YES;
				GCC_PREFIX_HEADER = DemoMonkey_Prefix.pch;
				GCC_WARN_ABOUT_RETURN_TYPE = YES;
				GCC_WARN_SHADOW = YES;
				GCC_WARN_UNUSED_VARIABLE = YES;
				INFOPLIST_FILE = Info.plist;
				INSTALL_PATH = "$(HOME)/Applications";
				PREBINDING = NO;
				PRODUCT_NAME = DemoMonkey;
				SDKROOT = macosx;
				WRAPPER_EXTENSION = app;
				ZERO_LINK = NO;
			};
			name = Deployment;
		};
		28B1F6070DC5C20E0093AEBE /* Default */ = {
			isa = XCBuildConfiguration;
			buildSettings = {
				ASSETCATALOG_COMPILER_APPICON_NAME = AppIcon;
				COMBINE_HIDPI_IMAGES = YES;
				GCC_ENABLE_OBJC_EXCEPTIONS = YES;
				GCC_GENERATE_DEBUGGING_SYMBOLS = NO;
				GCC_MODEL_TUNING = G5;
				GCC_PRECOMPILE_PREFIX_HEADER = YES;
				GCC_PREFIX_HEADER = DemoMonkey_Prefix.pch;
				GCC_WARN_ABOUT_RETURN_TYPE = YES;
				GCC_WARN_SHADOW = YES;
				GCC_WARN_UNUSED_VARIABLE = YES;
				INFOPLIST_FILE = Info.plist;
				INSTALL_PATH = "$(HOME)/Applications";
				PREBINDING = NO;
				PRODUCT_NAME = DemoMonkey;
				SDKROOT = macosx;
				WRAPPER_EXTENSION = app;
			};
			name = Default;
		};
/* End XCBuildConfiguration section */

/* Begin XCConfigurationList section */
		28B1F6080DC5C20E0093AEBE /* Build configuration list for PBXProject "DemoMonkey" */ = {
			isa = XCConfigurationList;
			buildConfigurations = (
				28B1F6020DC5C20E0093AEBE /* Development */,
				28B1F6030DC5C20E0093AEBE /* Deployment */,
				28B1F6040DC5C20E0093AEBE /* Default */,
			);
			defaultConfigurationIsVisible = 0;
			defaultConfigurationName = Default;
		};
		28B1F6090DC5C20E0093AEBE /* Build configuration list for PBXNativeTarget "DemoMonkey" */ = {
			isa = XCConfigurationList;
			buildConfigurations = (
				28B1F6050DC5C20E0093AEBE /* Development */,
				28B1F6060DC5C20E0093AEBE /* Deployment */,
				28B1F6070DC5C20E0093AEBE /* Default */,
			);
			defaultConfigurationIsVisible = 0;
			defaultConfigurationName = Default;
		};
/* End XCConfigurationList section */
	};
	rootObject = 2A37F4A9FDCFA73011CA2CEA /* Project object */;
}
